// !$*UTF8*$!
{
	archiveVersion = 1;
	classes = {
	};
	objectVersion = 50;
	objects = {

/* Begin PBXBuildFile section */
		3207A80733827549AE946B8D /* Pods_TJUWork.framework in Frameworks */ = {isa = PBXBuildFile; fileRef = 663370FA3434F79C9A81BB75 /* Pods_TJUWork.framework */; };
		DD0AA74420F8B6200011F1EE /* AppDelegate.swift in Sources */ = {isa = PBXBuildFile; fileRef = DD0AA74320F8B6200011F1EE /* AppDelegate.swift */; };
		DD0AA74620F8B6200011F1EE /* ViewController.swift in Sources */ = {isa = PBXBuildFile; fileRef = DD0AA74520F8B6200011F1EE /* ViewController.swift */; };
		DD0AA74920F8B6200011F1EE /* Main.storyboard in Resources */ = {isa = PBXBuildFile; fileRef = DD0AA74720F8B6200011F1EE /* Main.storyboard */; };
		DD0AA74B20F8B6220011F1EE /* Assets.xcassets in Resources */ = {isa = PBXBuildFile; fileRef = DD0AA74A20F8B6220011F1EE /* Assets.xcassets */; };
		DD0AA74E20F8B6220011F1EE /* LaunchScreen.storyboard in Resources */ = {isa = PBXBuildFile; fileRef = DD0AA74C20F8B6220011F1EE /* LaunchScreen.storyboard */; };
		DD0AA75920F8B6230011F1EE /* TJUWorkTests.swift in Sources */ = {isa = PBXBuildFile; fileRef = DD0AA75820F8B6230011F1EE /* TJUWorkTests.swift */; };
		DD0AA76420F8B6230011F1EE /* TJUWorkUITests.swift in Sources */ = {isa = PBXBuildFile; fileRef = DD0AA76320F8B6230011F1EE /* TJUWorkUITests.swift */; };
		DD0AA77520F8C5010011F1EE /* LoginViewController.swift in Sources */ = {isa = PBXBuildFile; fileRef = DD0AA77420F8C5010011F1EE /* LoginViewController.swift */; };
		DD0AA77820F8CC2B0011F1EE /* ClassExtensions.swift in Sources */ = {isa = PBXBuildFile; fileRef = DD0AA77720F8CC2B0011F1EE /* ClassExtensions.swift */; };
		DD0AA77F20F917B90011F1EE /* MainTabBarController.swift in Sources */ = {isa = PBXBuildFile; fileRef = DD0AA77E20F917B90011F1EE /* MainTabBarController.swift */; };
		DD0AA78420F9B9F40011F1EE /* SetInfoViewController.swift in Sources */ = {isa = PBXBuildFile; fileRef = DD0AA78320F9B9F40011F1EE /* SetInfoViewController.swift */; };
		DD0AA78620F9C8470011F1EE /* InfoTableViewCell.swift in Sources */ = {isa = PBXBuildFile; fileRef = DD0AA78520F9C8470011F1EE /* InfoTableViewCell.swift */; };
		DD0AA78820F9CF250011F1EE /* SetInfoTableViewCell.swift in Sources */ = {isa = PBXBuildFile; fileRef = DD0AA78720F9CF250011F1EE /* SetInfoTableViewCell.swift */; };
/* End PBXBuildFile section */

/* Begin PBXContainerItemProxy section */
		DD0AA75520F8B6230011F1EE /* PBXContainerItemProxy */ = {
			isa = PBXContainerItemProxy;
			containerPortal = DD0AA73820F8B6200011F1EE /* Project object */;
			proxyType = 1;
			remoteGlobalIDString = DD0AA73F20F8B6200011F1EE;
			remoteInfo = TJUWork;
		};
		DD0AA76020F8B6230011F1EE /* PBXContainerItemProxy */ = {
			isa = PBXContainerItemProxy;
			containerPortal = DD0AA73820F8B6200011F1EE /* Project object */;
			proxyType = 1;
			remoteGlobalIDString = DD0AA73F20F8B6200011F1EE;
			remoteInfo = TJUWork;
		};
/* End PBXContainerItemProxy section */

/* Begin PBXFileReference section */
		4FD6EC0575B276B254E8A465 /* Pods-TJUWork.debug.xcconfig */ = {isa = PBXFileReference; includeInIndex = 1; lastKnownFileType = text.xcconfig; name = "Pods-TJUWork.debug.xcconfig"; path = "Pods/Target Support Files/Pods-TJUWork/Pods-TJUWork.debug.xcconfig"; sourceTree = "<group>"; };
		663370FA3434F79C9A81BB75 /* Pods_TJUWork.framework */ = {isa = PBXFileReference; explicitFileType = wrapper.framework; includeInIndex = 0; path = Pods_TJUWork.framework; sourceTree = BUILT_PRODUCTS_DIR; };
		708F90E20EB76A78B88C3118 /* Pods-TJUWork.release.xcconfig */ = {isa = PBXFileReference; includeInIndex = 1; lastKnownFileType = text.xcconfig; name = "Pods-TJUWork.release.xcconfig"; path = "Pods/Target Support Files/Pods-TJUWork/Pods-TJUWork.release.xcconfig"; sourceTree = "<group>"; };
		DD0AA74020F8B6200011F1EE /* TJUWork.app */ = {isa = PBXFileReference; explicitFileType = wrapper.application; includeInIndex = 0; path = TJUWork.app; sourceTree = BUILT_PRODUCTS_DIR; };
		DD0AA74320F8B6200011F1EE /* AppDelegate.swift */ = {isa = PBXFileReference; lastKnownFileType = sourcecode.swift; path = AppDelegate.swift; sourceTree = "<group>"; };
		DD0AA74520F8B6200011F1EE /* ViewController.swift */ = {isa = PBXFileReference; lastKnownFileType = sourcecode.swift; path = ViewController.swift; sourceTree = "<group>"; };
		DD0AA74820F8B6200011F1EE /* Base */ = {isa = PBXFileReference; lastKnownFileType = file.storyboard; name = Base; path = Base.lproj/Main.storyboard; sourceTree = "<group>"; };
		DD0AA74A20F8B6220011F1EE /* Assets.xcassets */ = {isa = PBXFileReference; lastKnownFileType = folder.assetcatalog; path = Assets.xcassets; sourceTree = "<group>"; };
		DD0AA74D20F8B6220011F1EE /* Base */ = {isa = PBXFileReference; lastKnownFileType = file.storyboard; name = Base; path = Base.lproj/LaunchScreen.storyboard; sourceTree = "<group>"; };
		DD0AA74F20F8B6220011F1EE /* Info.plist */ = {isa = PBXFileReference; lastKnownFileType = text.plist.xml; path = Info.plist; sourceTree = "<group>"; };
		DD0AA75420F8B6230011F1EE /* TJUWorkTests.xctest */ = {isa = PBXFileReference; explicitFileType = wrapper.cfbundle; includeInIndex = 0; path = TJUWorkTests.xctest; sourceTree = BUILT_PRODUCTS_DIR; };
		DD0AA75820F8B6230011F1EE /* TJUWorkTests.swift */ = {isa = PBXFileReference; lastKnownFileType = sourcecode.swift; path = TJUWorkTests.swift; sourceTree = "<group>"; };
		DD0AA75A20F8B6230011F1EE /* Info.plist */ = {isa = PBXFileReference; lastKnownFileType = text.plist.xml; path = Info.plist; sourceTree = "<group>"; };
		DD0AA75F20F8B6230011F1EE /* TJUWorkUITests.xctest */ = {isa = PBXFileReference; explicitFileType = wrapper.cfbundle; includeInIndex = 0; path = TJUWorkUITests.xctest; sourceTree = BUILT_PRODUCTS_DIR; };
		DD0AA76320F8B6230011F1EE /* TJUWorkUITests.swift */ = {isa = PBXFileReference; lastKnownFileType = sourcecode.swift; path = TJUWorkUITests.swift; sourceTree = "<group>"; };
		DD0AA76520F8B6230011F1EE /* Info.plist */ = {isa = PBXFileReference; lastKnownFileType = text.plist.xml; path = Info.plist; sourceTree = "<group>"; };
		DD0AA77420F8C5010011F1EE /* LoginViewController.swift */ = {isa = PBXFileReference; lastKnownFileType = sourcecode.swift; path = LoginViewController.swift; sourceTree = "<group>"; };
		DD0AA77720F8CC2B0011F1EE /* ClassExtensions.swift */ = {isa = PBXFileReference; lastKnownFileType = sourcecode.swift; path = ClassExtensions.swift; sourceTree = "<group>"; };
		DD0AA77E20F917B90011F1EE /* MainTabBarController.swift */ = {isa = PBXFileReference; lastKnownFileType = sourcecode.swift; path = MainTabBarController.swift; sourceTree = "<group>"; };
		DD0AA78320F9B9F40011F1EE /* SetInfoViewController.swift */ = {isa = PBXFileReference; lastKnownFileType = sourcecode.swift; path = SetInfoViewController.swift; sourceTree = "<group>"; };
		DD0AA78520F9C8470011F1EE /* InfoTableViewCell.swift */ = {isa = PBXFileReference; lastKnownFileType = sourcecode.swift; path = InfoTableViewCell.swift; sourceTree = "<group>"; };
		DD0AA78720F9CF250011F1EE /* SetInfoTableViewCell.swift */ = {isa = PBXFileReference; lastKnownFileType = sourcecode.swift; path = SetInfoTableViewCell.swift; sourceTree = "<group>"; };
/* End PBXFileReference section */

/* Begin PBXFrameworksBuildPhase section */
		DD0AA73D20F8B6200011F1EE /* Frameworks */ = {
			isa = PBXFrameworksBuildPhase;
			buildActionMask = 2147483647;
			files = (
				3207A80733827549AE946B8D /* Pods_TJUWork.framework in Frameworks */,
			);
			runOnlyForDeploymentPostprocessing = 0;
		};
		DD0AA75120F8B6230011F1EE /* Frameworks */ = {
			isa = PBXFrameworksBuildPhase;
			buildActionMask = 2147483647;
			files = (
			);
			runOnlyForDeploymentPostprocessing = 0;
		};
		DD0AA75C20F8B6230011F1EE /* Frameworks */ = {
			isa = PBXFrameworksBuildPhase;
			buildActionMask = 2147483647;
			files = (
			);
			runOnlyForDeploymentPostprocessing = 0;
		};
/* End PBXFrameworksBuildPhase section */

/* Begin PBXGroup section */
		6A279596C56F06AE915D14E8 /* Pods */ = {
			isa = PBXGroup;
			children = (
				4FD6EC0575B276B254E8A465 /* Pods-TJUWork.debug.xcconfig */,
				708F90E20EB76A78B88C3118 /* Pods-TJUWork.release.xcconfig */,
			);
			name = Pods;
			sourceTree = "<group>";
		};
		7B7823B9F1E531FA16C7EDAE /* Frameworks */ = {
			isa = PBXGroup;
			children = (
				663370FA3434F79C9A81BB75 /* Pods_TJUWork.framework */,
			);
			name = Frameworks;
			sourceTree = "<group>";
		};
		DD0AA73720F8B6200011F1EE = {
			isa = PBXGroup;
			children = (
				DD0AA74220F8B6200011F1EE /* TJUWork */,
				DD0AA75720F8B6230011F1EE /* TJUWorkTests */,
				DD0AA76220F8B6230011F1EE /* TJUWorkUITests */,
				DD0AA74120F8B6200011F1EE /* Products */,
				6A279596C56F06AE915D14E8 /* Pods */,
				7B7823B9F1E531FA16C7EDAE /* Frameworks */,
			);
			sourceTree = "<group>";
		};
		DD0AA74120F8B6200011F1EE /* Products */ = {
			isa = PBXGroup;
			children = (
				DD0AA74020F8B6200011F1EE /* TJUWork.app */,
				DD0AA75420F8B6230011F1EE /* TJUWorkTests.xctest */,
				DD0AA75F20F8B6230011F1EE /* TJUWorkUITests.xctest */,
			);
			name = Products;
			sourceTree = "<group>";
		};
		DD0AA74220F8B6200011F1EE /* TJUWork */ = {
			isa = PBXGroup;
			children = (
				DD0AA77620F8CC170011F1EE /* main */,
				DD0AA77120F8C4CE0011F1EE /* User */,
				DD0AA74320F8B6200011F1EE /* AppDelegate.swift */,
				DD0AA74520F8B6200011F1EE /* ViewController.swift */,
				DD0AA74720F8B6200011F1EE /* Main.storyboard */,
				DD0AA74A20F8B6220011F1EE /* Assets.xcassets */,
				DD0AA74C20F8B6220011F1EE /* LaunchScreen.storyboard */,
				DD0AA74F20F8B6220011F1EE /* Info.plist */,
			);
			path = TJUWork;
			sourceTree = "<group>";
		};
		DD0AA75720F8B6230011F1EE /* TJUWorkTests */ = {
			isa = PBXGroup;
			children = (
				DD0AA75820F8B6230011F1EE /* TJUWorkTests.swift */,
				DD0AA75A20F8B6230011F1EE /* Info.plist */,
			);
			path = TJUWorkTests;
			sourceTree = "<group>";
		};
		DD0AA76220F8B6230011F1EE /* TJUWorkUITests */ = {
			isa = PBXGroup;
			children = (
				DD0AA76320F8B6230011F1EE /* TJUWorkUITests.swift */,
				DD0AA76520F8B6230011F1EE /* Info.plist */,
			);
			path = TJUWorkUITests;
			sourceTree = "<group>";
		};
		DD0AA77120F8C4CE0011F1EE /* User */ = {
			isa = PBXGroup;
			children = (
				DD0AA78020F91F830011F1EE /* Info */,
				DD0AA77220F8C4D60011F1EE /* Login */,
			);
			path = User;
			sourceTree = "<group>";
		};
		DD0AA77220F8C4D60011F1EE /* Login */ = {
			isa = PBXGroup;
			children = (
				DD0AA77920F90F530011F1EE /* View */,
				DD0AA77320F8C4EA0011F1EE /* Controller */,
			);
			path = Login;
			sourceTree = "<group>";
		};
		DD0AA77320F8C4EA0011F1EE /* Controller */ = {
			isa = PBXGroup;
			children = (
				DD0AA77420F8C5010011F1EE /* LoginViewController.swift */,
			);
			path = Controller;
			sourceTree = "<group>";
		};
		DD0AA77620F8CC170011F1EE /* main */ = {
			isa = PBXGroup;
			children = (
				DD0AA77D20F9179B0011F1EE /* Model */,
				DD0AA77C20F9168A0011F1EE /* Controller */,
			);
			path = main;
			sourceTree = "<group>";
		};
		DD0AA77920F90F530011F1EE /* View */ = {
			isa = PBXGroup;
			children = (
			);
			path = View;
			sourceTree = "<group>";
		};
		DD0AA77C20F9168A0011F1EE /* Controller */ = {
			isa = PBXGroup;
			children = (
				DD0AA77E20F917B90011F1EE /* MainTabBarController.swift */,
			);
			path = Controller;
			sourceTree = "<group>";
		};
		DD0AA77D20F9179B0011F1EE /* Model */ = {
			isa = PBXGroup;
			children = (
				DD0AA77720F8CC2B0011F1EE /* ClassExtensions.swift */,
			);
			path = Model;
			sourceTree = "<group>";
		};
		DD0AA78020F91F830011F1EE /* Info */ = {
			isa = PBXGroup;
			children = (
				DD0AA78220F91F960011F1EE /* View */,
				DD0AA78120F91F8B0011F1EE /* Controller */,
			);
			path = Info;
			sourceTree = "<group>";
		};
		DD0AA78120F91F8B0011F1EE /* Controller */ = {
			isa = PBXGroup;
			children = (
				DD0AA78320F9B9F40011F1EE /* SetInfoViewController.swift */,
			);
			path = Controller;
			sourceTree = "<group>";
		};
		DD0AA78220F91F960011F1EE /* View */ = {
			isa = PBXGroup;
			children = (
				DD0AA78520F9C8470011F1EE /* InfoTableViewCell.swift */,
				DD0AA78720F9CF250011F1EE /* SetInfoTableViewCell.swift */,
			);
			path = View;
			sourceTree = "<group>";
		};
/* End PBXGroup section */

/* Begin PBXNativeTarget section */
		DD0AA73F20F8B6200011F1EE /* TJUWork */ = {
			isa = PBXNativeTarget;
			buildConfigurationList = DD0AA76820F8B6230011F1EE /* Build configuration list for PBXNativeTarget "TJUWork" */;
			buildPhases = (
				F4C8460BA4A5CB50A2E618FC /* [CP] Check Pods Manifest.lock */,
				DD0AA73C20F8B6200011F1EE /* Sources */,
				DD0AA73D20F8B6200011F1EE /* Frameworks */,
				DD0AA73E20F8B6200011F1EE /* Resources */,
				9689B2596E639DB23C4673D2 /* [CP] Embed Pods Frameworks */,
				8D282D99E5ACDD3AE921FB38 /* [CP] Copy Pods Resources */,
			);
			buildRules = (
			);
			dependencies = (
			);
			name = TJUWork;
			productName = TJUWork;
			productReference = DD0AA74020F8B6200011F1EE /* TJUWork.app */;
			productType = "com.apple.product-type.application";
		};
		DD0AA75320F8B6230011F1EE /* TJUWorkTests */ = {
			isa = PBXNativeTarget;
			buildConfigurationList = DD0AA76B20F8B6230011F1EE /* Build configuration list for PBXNativeTarget "TJUWorkTests" */;
			buildPhases = (
				DD0AA75020F8B6230011F1EE /* Sources */,
				DD0AA75120F8B6230011F1EE /* Frameworks */,
				DD0AA75220F8B6230011F1EE /* Resources */,
			);
			buildRules = (
			);
			dependencies = (
				DD0AA75620F8B6230011F1EE /* PBXTargetDependency */,
			);
			name = TJUWorkTests;
			productName = TJUWorkTests;
			productReference = DD0AA75420F8B6230011F1EE /* TJUWorkTests.xctest */;
			productType = "com.apple.product-type.bundle.unit-test";
		};
		DD0AA75E20F8B6230011F1EE /* TJUWorkUITests */ = {
			isa = PBXNativeTarget;
			buildConfigurationList = DD0AA76E20F8B6230011F1EE /* Build configuration list for PBXNativeTarget "TJUWorkUITests" */;
			buildPhases = (
				DD0AA75B20F8B6230011F1EE /* Sources */,
				DD0AA75C20F8B6230011F1EE /* Frameworks */,
				DD0AA75D20F8B6230011F1EE /* Resources */,
			);
			buildRules = (
			);
			dependencies = (
				DD0AA76120F8B6230011F1EE /* PBXTargetDependency */,
			);
			name = TJUWorkUITests;
			productName = TJUWorkUITests;
			productReference = DD0AA75F20F8B6230011F1EE /* TJUWorkUITests.xctest */;
			productType = "com.apple.product-type.bundle.ui-testing";
		};
/* End PBXNativeTarget section */

/* Begin PBXProject section */
		DD0AA73820F8B6200011F1EE /* Project object */ = {
			isa = PBXProject;
			attributes = {
				LastSwiftUpdateCheck = 0940;
				LastUpgradeCheck = 0940;
				ORGANIZATIONNAME = "赵家琛";
				TargetAttributes = {
					DD0AA73F20F8B6200011F1EE = {
						CreatedOnToolsVersion = 9.4.1;
					};
					DD0AA75320F8B6230011F1EE = {
						CreatedOnToolsVersion = 9.4.1;
						TestTargetID = DD0AA73F20F8B6200011F1EE;
					};
					DD0AA75E20F8B6230011F1EE = {
						CreatedOnToolsVersion = 9.4.1;
						TestTargetID = DD0AA73F20F8B6200011F1EE;
					};
				};
			};
			buildConfigurationList = DD0AA73B20F8B6200011F1EE /* Build configuration list for PBXProject "TJUWork" */;
			compatibilityVersion = "Xcode 9.3";
			developmentRegion = en;
			hasScannedForEncodings = 0;
			knownRegions = (
				en,
				Base,
			);
			mainGroup = DD0AA73720F8B6200011F1EE;
			productRefGroup = DD0AA74120F8B6200011F1EE /* Products */;
			projectDirPath = "";
			projectRoot = "";
			targets = (
				DD0AA73F20F8B6200011F1EE /* TJUWork */,
				DD0AA75320F8B6230011F1EE /* TJUWorkTests */,
				DD0AA75E20F8B6230011F1EE /* TJUWorkUITests */,
			);
		};
/* End PBXProject section */

/* Begin PBXResourcesBuildPhase section */
		DD0AA73E20F8B6200011F1EE /* Resources */ = {
			isa = PBXResourcesBuildPhase;
			buildActionMask = 2147483647;
			files = (
				DD0AA74E20F8B6220011F1EE /* LaunchScreen.storyboard in Resources */,
				DD0AA74B20F8B6220011F1EE /* Assets.xcassets in Resources */,
				DD0AA74920F8B6200011F1EE /* Main.storyboard in Resources */,
			);
			runOnlyForDeploymentPostprocessing = 0;
		};
		DD0AA75220F8B6230011F1EE /* Resources */ = {
			isa = PBXResourcesBuildPhase;
			buildActionMask = 2147483647;
			files = (
			);
			runOnlyForDeploymentPostprocessing = 0;
		};
		DD0AA75D20F8B6230011F1EE /* Resources */ = {
			isa = PBXResourcesBuildPhase;
			buildActionMask = 2147483647;
			files = (
			);
			runOnlyForDeploymentPostprocessing = 0;
		};
/* End PBXResourcesBuildPhase section */

/* Begin PBXShellScriptBuildPhase section */
		8D282D99E5ACDD3AE921FB38 /* [CP] Copy Pods Resources */ = {
			isa = PBXShellScriptBuildPhase;
			buildActionMask = 2147483647;
			files = (
			);
			inputPaths = (
			);
			name = "[CP] Copy Pods Resources";
			outputPaths = (
			);
			runOnlyForDeploymentPostprocessing = 0;
			shellPath = /bin/sh;
			shellScript = "\"${SRCROOT}/Pods/Target Support Files/Pods-TJUWork/Pods-TJUWork-resources.sh\"\n";
			showEnvVarsInLog = 0;
		};
		9689B2596E639DB23C4673D2 /* [CP] Embed Pods Frameworks */ = {
			isa = PBXShellScriptBuildPhase;
			buildActionMask = 2147483647;
			files = (
			);
			inputPaths = (
				"${SRCROOT}/Pods/Target Support Files/Pods-TJUWork/Pods-TJUWork-frameworks.sh",
				"${BUILT_PRODUCTS_DIR}/Alamofire/Alamofire.framework",
				"${BUILT_PRODUCTS_DIR}/FSCalendar/FSCalendar.framework",
				"${BUILT_PRODUCTS_DIR}/SDWebImage/SDWebImage.framework",
				"${BUILT_PRODUCTS_DIR}/SnapKit/SnapKit.framework",
				"${BUILT_PRODUCTS_DIR}/SwiftMessages/SwiftMessages.framework",
			);
			name = "[CP] Embed Pods Frameworks";
			outputPaths = (
				"${TARGET_BUILD_DIR}/${FRAMEWORKS_FOLDER_PATH}/Alamofire.framework",
				"${TARGET_BUILD_DIR}/${FRAMEWORKS_FOLDER_PATH}/FSCalendar.framework",
				"${TARGET_BUILD_DIR}/${FRAMEWORKS_FOLDER_PATH}/SDWebImage.framework",
				"${TARGET_BUILD_DIR}/${FRAMEWORKS_FOLDER_PATH}/SnapKit.framework",
				"${TARGET_BUILD_DIR}/${FRAMEWORKS_FOLDER_PATH}/SwiftMessages.framework",
			);
			runOnlyForDeploymentPostprocessing = 0;
			shellPath = /bin/sh;
			shellScript = "\"${SRCROOT}/Pods/Target Support Files/Pods-TJUWork/Pods-TJUWork-frameworks.sh\"\n";
			showEnvVarsInLog = 0;
		};
		F4C8460BA4A5CB50A2E618FC /* [CP] Check Pods Manifest.lock */ = {
			isa = PBXShellScriptBuildPhase;
			buildActionMask = 2147483647;
			files = (
			);
			inputPaths = (
				"${PODS_PODFILE_DIR_PATH}/Podfile.lock",
				"${PODS_ROOT}/Manifest.lock",
			);
			name = "[CP] Check Pods Manifest.lock";
			outputPaths = (
				"$(DERIVED_FILE_DIR)/Pods-TJUWork-checkManifestLockResult.txt",
			);
			runOnlyForDeploymentPostprocessing = 0;
			shellPath = /bin/sh;
			shellScript = "diff \"${PODS_PODFILE_DIR_PATH}/Podfile.lock\" \"${PODS_ROOT}/Manifest.lock\" > /dev/null\nif [ $? != 0 ] ; then\n    # print error to STDERR\n    echo \"error: The sandbox is not in sync with the Podfile.lock. Run 'pod install' or update your CocoaPods installation.\" >&2\n    exit 1\nfi\n# This output is used by Xcode 'outputs' to avoid re-running this script phase.\necho \"SUCCESS\" > \"${SCRIPT_OUTPUT_FILE_0}\"\n";
			showEnvVarsInLog = 0;
		};
/* End PBXShellScriptBuildPhase section */

/* Begin PBXSourcesBuildPhase section */
		DD0AA73C20F8B6200011F1EE /* Sources */ = {
			isa = PBXSourcesBuildPhase;
			buildActionMask = 2147483647;
			files = (
				DD0AA78820F9CF250011F1EE /* SetInfoTableViewCell.swift in Sources */,
				DD0AA77520F8C5010011F1EE /* LoginViewController.swift in Sources */,
				DD0AA74620F8B6200011F1EE /* ViewController.swift in Sources */,
				DD0AA77F20F917B90011F1EE /* MainTabBarController.swift in Sources */,
				DD0AA78420F9B9F40011F1EE /* SetInfoViewController.swift in Sources */,
				DD0AA78620F9C8470011F1EE /* InfoTableViewCell.swift in Sources */,
				DD0AA77820F8CC2B0011F1EE /* ClassExtensions.swift in Sources */,
				DD0AA74420F8B6200011F1EE /* AppDelegate.swift in Sources */,
			);
			runOnlyForDeploymentPostprocessing = 0;
		};
		DD0AA75020F8B6230011F1EE /* Sources */ = {
			isa = PBXSourcesBuildPhase;
			buildActionMask = 2147483647;
			files = (
				DD0AA75920F8B6230011F1EE /* TJUWorkTests.swift in Sources */,
			);
			runOnlyForDeploymentPostprocessing = 0;
		};
		DD0AA75B20F8B6230011F1EE /* Sources */ = {
			isa = PBXSourcesBuildPhase;
			buildActionMask = 2147483647;
			files = (
				DD0AA76420F8B6230011F1EE /* TJUWorkUITests.swift in Sources */,
			);
			runOnlyForDeploymentPostprocessing = 0;
		};
/* End PBXSourcesBuildPhase section */

/* Begin PBXTargetDependency section */
		DD0AA75620F8B6230011F1EE /* PBXTargetDependency */ = {
			isa = PBXTargetDependency;
			target = DD0AA73F20F8B6200011F1EE /* TJUWork */;
			targetProxy = DD0AA75520F8B6230011F1EE /* PBXContainerItemProxy */;
		};
		DD0AA76120F8B6230011F1EE /* PBXTargetDependency */ = {
			isa = PBXTargetDependency;
			target = DD0AA73F20F8B6200011F1EE /* TJUWork */;
			targetProxy = DD0AA76020F8B6230011F1EE /* PBXContainerItemProxy */;
		};
/* End PBXTargetDependency section */

/* Begin PBXVariantGroup section */
		DD0AA74720F8B6200011F1EE /* Main.storyboard */ = {
			isa = PBXVariantGroup;
			children = (
				DD0AA74820F8B6200011F1EE /* Base */,
			);
			name = Main.storyboard;
			sourceTree = "<group>";
		};
		DD0AA74C20F8B6220011F1EE /* LaunchScreen.storyboard */ = {
			isa = PBXVariantGroup;
			children = (
				DD0AA74D20F8B6220011F1EE /* Base */,
			);
			name = LaunchScreen.storyboard;
			sourceTree = "<group>";
		};
/* End PBXVariantGroup section */

/* Begin XCBuildConfiguration section */
		DD0AA76620F8B6230011F1EE /* Debug */ = {
			isa = XCBuildConfiguration;
			buildSettings = {
				ALWAYS_SEARCH_USER_PATHS = NO;
				CLANG_ANALYZER_NONNULL = YES;
				CLANG_ANALYZER_NUMBER_OBJECT_CONVERSION = YES_AGGRESSIVE;
				CLANG_CXX_LANGUAGE_STANDARD = "gnu++14";
				CLANG_CXX_LIBRARY = "libc++";
				CLANG_ENABLE_MODULES = YES;
				CLANG_ENABLE_OBJC_ARC = YES;
				CLANG_ENABLE_OBJC_WEAK = YES;
				CLANG_WARN_BLOCK_CAPTURE_AUTORELEASING = YES;
				CLANG_WARN_BOOL_CONVERSION = YES;
				CLANG_WARN_COMMA = YES;
				CLANG_WARN_CONSTANT_CONVERSION = YES;
				CLANG_WARN_DEPRECATED_OBJC_IMPLEMENTATIONS = YES;
				CLANG_WARN_DIRECT_OBJC_ISA_USAGE = YES_ERROR;
				CLANG_WARN_DOCUMENTATION_COMMENTS = YES;
				CLANG_WARN_EMPTY_BODY = YES;
				CLANG_WARN_ENUM_CONVERSION = YES;
				CLANG_WARN_INFINITE_RECURSION = YES;
				CLANG_WARN_INT_CONVERSION = YES;
				CLANG_WARN_NON_LITERAL_NULL_CONVERSION = YES;
				CLANG_WARN_OBJC_IMPLICIT_RETAIN_SELF = YES;
				CLANG_WARN_OBJC_LITERAL_CONVERSION = YES;
				CLANG_WARN_OBJC_ROOT_CLASS = YES_ERROR;
				CLANG_WARN_RANGE_LOOP_ANALYSIS = YES;
				CLANG_WARN_STRICT_PROTOTYPES = YES;
				CLANG_WARN_SUSPICIOUS_MOVE = YES;
				CLANG_WARN_UNGUARDED_AVAILABILITY = YES_AGGRESSIVE;
				CLANG_WARN_UNREACHABLE_CODE = YES;
				CLANG_WARN__DUPLICATE_METHOD_MATCH = YES;
				CODE_SIGN_IDENTITY = "iPhone Developer";
				COPY_PHASE_STRIP = NO;
				DEBUG_INFORMATION_FORMAT = dwarf;
				ENABLE_STRICT_OBJC_MSGSEND = YES;
				ENABLE_TESTABILITY = YES;
				GCC_C_LANGUAGE_STANDARD = gnu11;
				GCC_DYNAMIC_NO_PIC = NO;
				GCC_NO_COMMON_BLOCKS = YES;
				GCC_OPTIMIZATION_LEVEL = 0;
				GCC_PREPROCESSOR_DEFINITIONS = (
					"DEBUG=1",
					"$(inherited)",
				);
				GCC_WARN_64_TO_32_BIT_CONVERSION = YES;
				GCC_WARN_ABOUT_RETURN_TYPE = YES_ERROR;
				GCC_WARN_UNDECLARED_SELECTOR = YES;
				GCC_WARN_UNINITIALIZED_AUTOS = YES_AGGRESSIVE;
				GCC_WARN_UNUSED_FUNCTION = YES;
				GCC_WARN_UNUSED_VARIABLE = YES;
				IPHONEOS_DEPLOYMENT_TARGET = 11.4;
				MTL_ENABLE_DEBUG_INFO = YES;
				ONLY_ACTIVE_ARCH = YES;
				SDKROOT = iphoneos;
				SWIFT_ACTIVE_COMPILATION_CONDITIONS = DEBUG;
				SWIFT_OPTIMIZATION_LEVEL = "-Onone";
			};
			name = Debug;
		};
		DD0AA76720F8B6230011F1EE /* Release */ = {
			isa = XCBuildConfiguration;
			buildSettings = {
				ALWAYS_SEARCH_USER_PATHS = NO;
				CLANG_ANALYZER_NONNULL = YES;
				CLANG_ANALYZER_NUMBER_OBJECT_CONVERSION = YES_AGGRESSIVE;
				CLANG_CXX_LANGUAGE_STANDARD = "gnu++14";
				CLANG_CXX_LIBRARY = "libc++";
				CLANG_ENABLE_MODULES = YES;
				CLANG_ENABLE_OBJC_ARC = YES;
				CLANG_ENABLE_OBJC_WEAK = YES;
				CLANG_WARN_BLOCK_CAPTURE_AUTORELEASING = YES;
				CLANG_WARN_BOOL_CONVERSION = YES;
				CLANG_WARN_COMMA = YES;
				CLANG_WARN_CONSTANT_CONVERSION = YES;
				CLANG_WARN_DEPRECATED_OBJC_IMPLEMENTATIONS = YES;
				CLANG_WARN_DIRECT_OBJC_ISA_USAGE = YES_ERROR;
				CLANG_WARN_DOCUMENTATION_COMMENTS = YES;
				CLANG_WARN_EMPTY_BODY = YES;
				CLANG_WARN_ENUM_CONVERSION = YES;
				CLANG_WARN_INFINITE_RECURSION = YES;
				CLANG_WARN_INT_CONVERSION = YES;
				CLANG_WARN_NON_LITERAL_NULL_CONVERSION = YES;
				CLANG_WARN_OBJC_IMPLICIT_RETAIN_SELF = YES;
				CLANG_WARN_OBJC_LITERAL_CONVERSION = YES;
				CLANG_WARN_OBJC_ROOT_CLASS = YES_ERROR;
				CLANG_WARN_RANGE_LOOP_ANALYSIS = YES;
				CLANG_WARN_STRICT_PROTOTYPES = YES;
				CLANG_WARN_SUSPICIOUS_MOVE = YES;
				CLANG_WARN_UNGUARDED_AVAILABILITY = YES_AGGRESSIVE;
				CLANG_WARN_UNREACHABLE_CODE = YES;
				CLANG_WARN__DUPLICATE_METHOD_MATCH = YES;
				CODE_SIGN_IDENTITY = "iPhone Developer";
				COPY_PHASE_STRIP = NO;
				DEBUG_INFORMATION_FORMAT = "dwarf-with-dsym";
				ENABLE_NS_ASSERTIONS = NO;
				ENABLE_STRICT_OBJC_MSGSEND = YES;
				GCC_C_LANGUAGE_STANDARD = gnu11;
				GCC_NO_COMMON_BLOCKS = YES;
				GCC_WARN_64_TO_32_BIT_CONVERSION = YES;
				GCC_WARN_ABOUT_RETURN_TYPE = YES_ERROR;
				GCC_WARN_UNDECLARED_SELECTOR = YES;
				GCC_WARN_UNINITIALIZED_AUTOS = YES_AGGRESSIVE;
				GCC_WARN_UNUSED_FUNCTION = YES;
				GCC_WARN_UNUSED_VARIABLE = YES;
				IPHONEOS_DEPLOYMENT_TARGET = 11.4;
				MTL_ENABLE_DEBUG_INFO = NO;
				SDKROOT = iphoneos;
				SWIFT_COMPILATION_MODE = wholemodule;
				SWIFT_OPTIMIZATION_LEVEL = "-O";
				VALIDATE_PRODUCT = YES;
			};
			name = Release;
		};
		DD0AA76920F8B6230011F1EE /* Debug */ = {
			isa = XCBuildConfiguration;
			baseConfigurationReference = 4FD6EC0575B276B254E8A465 /* Pods-TJUWork.debug.xcconfig */;
			buildSettings = {
				ASSETCATALOG_COMPILER_APPICON_NAME = AppIcon;
				CODE_SIGN_STYLE = Automatic;
				DEVELOPMENT_TEAM = 358P3P2LMY;
				INFOPLIST_FILE = TJUWork/Info.plist;
				LD_RUNPATH_SEARCH_PATHS = (
					"$(inherited)",
					"@executable_path/Frameworks",
				);
				PRODUCT_BUNDLE_IDENTIFIER = "Zhao-Jiachen.TJUWork";
				PRODUCT_NAME = "$(TARGET_NAME)";
				SWIFT_VERSION = 4.0;
				TARGETED_DEVICE_FAMILY = "1,2";
			};
			name = Debug;
		};
		DD0AA76A20F8B6230011F1EE /* Release */ = {
			isa = XCBuildConfiguration;
			baseConfigurationReference = 708F90E20EB76A78B88C3118 /* Pods-TJUWork.release.xcconfig */;
			buildSettings = {
				ASSETCATALOG_COMPILER_APPICON_NAME = AppIcon;
				CODE_SIGN_STYLE = Automatic;
				DEVELOPMENT_TEAM = 358P3P2LMY;
				INFOPLIST_FILE = TJUWork/Info.plist;
				LD_RUNPATH_SEARCH_PATHS = (
					"$(inherited)",
					"@executable_path/Frameworks",
				);
				PRODUCT_BUNDLE_IDENTIFIER = "Zhao-Jiachen.TJUWork";
				PRODUCT_NAME = "$(TARGET_NAME)";
				SWIFT_VERSION = 4.0;
				TARGETED_DEVICE_FAMILY = "1,2";
			};
			name = Release;
		};
		DD0AA76C20F8B6230011F1EE /* Debug */ = {
			isa = XCBuildConfiguration;
			buildSettings = {
				ALWAYS_EMBED_SWIFT_STANDARD_LIBRARIES = YES;
				BUNDLE_LOADER = "$(TEST_HOST)";
				CODE_SIGN_STYLE = Automatic;
				DEVELOPMENT_TEAM = 358P3P2LMY;
				INFOPLIST_FILE = TJUWorkTests/Info.plist;
				LD_RUNPATH_SEARCH_PATHS = (
					"$(inherited)",
					"@executable_path/Frameworks",
					"@loader_path/Frameworks",
				);
				PRODUCT_BUNDLE_IDENTIFIER = "Zhao-Jiachen.TJUWorkTests";
				PRODUCT_NAME = "$(TARGET_NAME)";
				SWIFT_VERSION = 4.0;
				TARGETED_DEVICE_FAMILY = "1,2";
				TEST_HOST = "$(BUILT_PRODUCTS_DIR)/TJUWork.app/TJUWork";
			};
			name = Debug;
		};
		DD0AA76D20F8B6230011F1EE /* Release */ = {
			isa = XCBuildConfiguration;
			buildSettings = {
				ALWAYS_EMBED_SWIFT_STANDARD_LIBRARIES = YES;
				BUNDLE_LOADER = "$(TEST_HOST)";
				CODE_SIGN_STYLE = Automatic;
				DEVELOPMENT_TEAM = 358P3P2LMY;
				INFOPLIST_FILE = TJUWorkTests/Info.plist;
				LD_RUNPATH_SEARCH_PATHS = (
					"$(inherited)",
					"@executable_path/Frameworks",
					"@loader_path/Frameworks",
				);
				PRODUCT_BUNDLE_IDENTIFIER = "Zhao-Jiachen.TJUWorkTests";
				PRODUCT_NAME = "$(TARGET_NAME)";
				SWIFT_VERSION = 4.0;
				TARGETED_DEVICE_FAMILY = "1,2";
				TEST_HOST = "$(BUILT_PRODUCTS_DIR)/TJUWork.app/TJUWork";
			};
			name = Release;
		};
		DD0AA76F20F8B6230011F1EE /* Debug */ = {
			isa = XCBuildConfiguration;
			buildSettings = {
				ALWAYS_EMBED_SWIFT_STANDARD_LIBRARIES = YES;
				CODE_SIGN_STYLE = Automatic;
				DEVELOPMENT_TEAM = 358P3P2LMY;
				INFOPLIST_FILE = TJUWorkUITests/Info.plist;
				LD_RUNPATH_SEARCH_PATHS = (
					"$(inherited)",
					"@executable_path/Frameworks",
					"@loader_path/Frameworks",
				);
				PRODUCT_BUNDLE_IDENTIFIER = "Zhao-Jiachen.TJUWorkUITests";
				PRODUCT_NAME = "$(TARGET_NAME)";
				SWIFT_VERSION = 4.0;
				TARGETED_DEVICE_FAMILY = "1,2";
				TEST_TARGET_NAME = TJUWork;
			};
			name = Debug;
		};
		DD0AA77020F8B6230011F1EE /* Release */ = {
			isa = XCBuildConfiguration;
			buildSettings = {
				ALWAYS_EMBED_SWIFT_STANDARD_LIBRARIES = YES;
				CODE_SIGN_STYLE = Automatic;
				DEVELOPMENT_TEAM = 358P3P2LMY;
				INFOPLIST_FILE = TJUWorkUITests/Info.plist;
				LD_RUNPATH_SEARCH_PATHS = (
					"$(inherited)",
					"@executable_path/Frameworks",
					"@loader_path/Frameworks",
				);
				PRODUCT_BUNDLE_IDENTIFIER = "Zhao-Jiachen.TJUWorkUITests";
				PRODUCT_NAME = "$(TARGET_NAME)";
				SWIFT_VERSION = 4.0;
				TARGETED_DEVICE_FAMILY = "1,2";
				TEST_TARGET_NAME = TJUWork;
			};
			name = Release;
		};
/* End XCBuildConfiguration section */

/* Begin XCConfigurationList section */
		DD0AA73B20F8B6200011F1EE /* Build configuration list for PBXProject "TJUWork" */ = {
			isa = XCConfigurationList;
			buildConfigurations = (
				DD0AA76620F8B6230011F1EE /* Debug */,
				DD0AA76720F8B6230011F1EE /* Release */,
			);
			defaultConfigurationIsVisible = 0;
			defaultConfigurationName = Release;
		};
		DD0AA76820F8B6230011F1EE /* Build configuration list for PBXNativeTarget "TJUWork" */ = {
			isa = XCConfigurationList;
			buildConfigurations = (
				DD0AA76920F8B6230011F1EE /* Debug */,
				DD0AA76A20F8B6230011F1EE /* Release */,
			);
			defaultConfigurationIsVisible = 0;
			defaultConfigurationName = Release;
		};
		DD0AA76B20F8B6230011F1EE /* Build configuration list for PBXNativeTarget "TJUWorkTests" */ = {
			isa = XCConfigurationList;
			buildConfigurations = (
				DD0AA76C20F8B6230011F1EE /* Debug */,
				DD0AA76D20F8B6230011F1EE /* Release */,
			);
			defaultConfigurationIsVisible = 0;
			defaultConfigurationName = Release;
		};
		DD0AA76E20F8B6230011F1EE /* Build configuration list for PBXNativeTarget "TJUWorkUITests" */ = {
			isa = XCConfigurationList;
			buildConfigurations = (
				DD0AA76F20F8B6230011F1EE /* Debug */,
				DD0AA77020F8B6230011F1EE /* Release */,
			);
			defaultConfigurationIsVisible = 0;
			defaultConfigurationName = Release;
		};
/* End XCConfigurationList section */
	};
	rootObject = DD0AA73820F8B6200011F1EE /* Project object */;
}
